<?xml version="1.0" encoding="utf-8"?>
<Project ToolsVersion="4.0" xmlns="http://schemas.microsoft.com/developer/msbuild/2003">
  <ItemGroup>
    <Filter Include="Game">
      <UniqueIdentifier>{f35df93c-31bf-4fe5-8c56-70582126ca34}</UniqueIdentifier>
    </Filter>
    <Filter Include="Game\Game entities">
      <UniqueIdentifier>{f58e9c74-955c-4053-aeb9-45aeae8568c1}</UniqueIdentifier>
    </Filter>
    <Filter Include="Game\Game entities\Static">
      <UniqueIdentifier>{8e80d2fc-ffcf-4187-b541-d35a283721ed}</UniqueIdentifier>
    </Filter>
    <Filter Include="Game\Game entities\Movable">
      <UniqueIdentifier>{534d0c22-4923-4d78-b772-8511e1871aa9}</UniqueIdentifier>
    </Filter>
    <Filter Include="Game\World">
      <UniqueIdentifier>{cf8fdefa-6d25-49ff-99c5-564e289a7b61}</UniqueIdentifier>
    </Filter>
    <Filter Include="Graphics">
      <UniqueIdentifier>{67366adf-bb55-47fe-87c1-8a3b92381615}</UniqueIdentifier>
    </Filter>
    <Filter Include="Math">
      <UniqueIdentifier>{407f4558-6586-4bc4-8b47-e4c33e7ecfdd}</UniqueIdentifier>
    </Filter>
    <Filter Include="dousi96">
      <UniqueIdentifier>{d1aea178-983f-45b3-85ff-15ad500cd042}</UniqueIdentifier>
    </Filter>
    <Filter Include="dousi96\Components">
      <UniqueIdentifier>{af19ae87-0596-4291-b39a-7d801c0e3c71}</UniqueIdentifier>
    </Filter>
    <Filter Include="dousi96\Persistence">
      <UniqueIdentifier>{dbe1b13b-fc8d-4b46-bcb9-96d036052687}</UniqueIdentifier>
    </Filter>
    <Filter Include="dousi96\EventSystem">
      <UniqueIdentifier>{ebe86c7b-710c-468f-b52a-17991ef9b4d7}</UniqueIdentifier>
    </Filter>
    <Filter Include="dousi96\Components\UI">
      <UniqueIdentifier>{e908b1ad-ba60-4c21-9eed-632620de64ba}</UniqueIdentifier>
    </Filter>
    <Filter Include="dousi96\Components\Renderer">
      <UniqueIdentifier>{924e259b-574e-4eaf-af81-2a01986c5679}</UniqueIdentifier>
    </Filter>
    <Filter Include="dousi96\Components\Collider">
      <UniqueIdentifier>{436effa1-6307-4457-b9f7-84cc562e7a8d}</UniqueIdentifier>
    </Filter>
    <Filter Include="dousi96\Components\TileMap">
      <UniqueIdentifier>{b7cf3afd-e302-49f1-9fdb-8f4cf3bc3c04}</UniqueIdentifier>
    </Filter>
  </ItemGroup>
  <ItemGroup>
    <ClCompile Include="Pacman.cpp">
      <Filter>Game</Filter>
    </ClCompile>
    <ClCompile Include="GameEntity.cpp">
      <Filter>Game\Game entities</Filter>
    </ClCompile>
    <ClCompile Include="BigDot.cpp">
      <Filter>Game\Game entities\Static</Filter>
    </ClCompile>
    <ClCompile Include="Cherry.cpp">
      <Filter>Game\Game entities\Static</Filter>
    </ClCompile>
    <ClCompile Include="Dot.cpp">
      <Filter>Game\Game entities\Static</Filter>
    </ClCompile>
    <ClCompile Include="StaticGameEntity.cpp">
      <Filter>Game\Game entities\Static</Filter>
    </ClCompile>
    <ClCompile Include="Avatar.cpp">
      <Filter>Game\Game entities\Movable</Filter>
    </ClCompile>
    <ClCompile Include="Ghost.cpp">
      <Filter>Game\Game entities\Movable</Filter>
    </ClCompile>
    <ClCompile Include="MovableGameEntity.cpp">
      <Filter>Game\Game entities\Movable</Filter>
    </ClCompile>
    <ClCompile Include="PathmapTile.cpp">
      <Filter>Game\World</Filter>
    </ClCompile>
    <ClCompile Include="World.cpp">
      <Filter>Game\World</Filter>
    </ClCompile>
    <ClCompile Include="Drawer.cpp">
      <Filter>Graphics</Filter>
    </ClCompile>
    <ClCompile Include="Vector2f.cpp">
      <Filter>Math</Filter>
    </ClCompile>
    <ClCompile Include="main.cpp" />
    <ClCompile Include="dousi96\GameObject.cpp">
      <Filter>dousi96</Filter>
    </ClCompile>
    <ClCompile Include="dousi96\Components\Component.cpp">
      <Filter>dousi96\Components</Filter>
    </ClCompile>
    <ClCompile Include="dousi96\GameController.cpp">
      <Filter>dousi96</Filter>
    </ClCompile>
    <ClCompile Include="dousi96\Components\PlayerBehaviourComponent.cpp">
      <Filter>dousi96\Components</Filter>
    </ClCompile>
    <ClCompile Include="dousi96\TileMap.cpp">
      <Filter>dousi96</Filter>
    </ClCompile>
    <ClCompile Include="dousi96\Persistence\TileMapTxtReader.cpp">
      <Filter>dousi96\Persistence</Filter>
    </ClCompile>
    <ClCompile Include="dousi96\Components\UI\UITextComponent.cpp">
      <Filter>dousi96\Components\UI</Filter>
    </ClCompile>
    <ClCompile Include="dousi96\Components\UI\UIPointsLabelComponent.cpp">
      <Filter>dousi96\Components\UI</Filter>
    </ClCompile>
    <ClCompile Include="dousi96\Components\Renderer\SpriteAnimationComponent.cpp">
      <Filter>dousi96\Components\Renderer</Filter>
    </ClCompile>
    <ClCompile Include="dousi96\Components\Renderer\SpriteRendererComponent.cpp">
      <Filter>dousi96\Components\Renderer</Filter>
    </ClCompile>
    <ClCompile Include="dousi96\Components\Collider\CollisionComponent.cpp">
      <Filter>dousi96\Components\Collider</Filter>
    </ClCompile>
    <ClCompile Include="dousi96\Components\TileMap\DotComponent.cpp">
      <Filter>dousi96\Components\TileMap</Filter>
    </ClCompile>
    <ClCompile Include="dousi96\Components\TileMap\TeleportComponent.cpp">
      <Filter>dousi96\Components\TileMap</Filter>
    </ClCompile>
    <ClCompile Include="dousi96\Components\TileMap\TileMapPositionComponent.cpp">
      <Filter>dousi96\Components\TileMap</Filter>
    </ClCompile>
    <ClCompile Include="dousi96\Components\TileMap\TileMovementComponent.cpp">
      <Filter>dousi96\Components\TileMap</Filter>
    </ClCompile>
    <ClCompile Include="dousi96\Components\GhostBehaviourComponent.cpp">
      <Filter>dousi96\Components</Filter>
    </ClCompile>
    <ClCompile Include="dousi96\Components\UI\UILivesLabelComponent.cpp">
      <Filter>dousi96\Components\UI</Filter>
    </ClCompile>
    <ClCompile Include="dousi96\Timer.cpp">
      <Filter>dousi96</Filter>
    </ClCompile>
    <ClCompile Include="dousi96\Components\GameControllerComponent.cpp">
      <Filter>dousi96\Components</Filter>
    </ClCompile>
    <ClCompile Include="dousi96\Components\TileMap\GhostPathfinderComponent.cpp">
      <Filter>dousi96\Components\TileMap</Filter>
    </ClCompile>
  </ItemGroup>
  <ItemGroup>
    <ClInclude Include="Pacman.h">
      <Filter>Game</Filter>
    </ClInclude>
    <ClInclude Include="GameEntity.h">
      <Filter>Game\Game entities</Filter>
    </ClInclude>
    <ClInclude Include="BigDot.h">
      <Filter>Game\Game entities\Static</Filter>
    </ClInclude>
    <ClInclude Include="Cherry.h">
      <Filter>Game\Game entities\Static</Filter>
    </ClInclude>
    <ClInclude Include="Dot.h">
      <Filter>Game\Game entities\Static</Filter>
    </ClInclude>
    <ClInclude Include="StaticGameEntity.h">
      <Filter>Game\Game entities\Static</Filter>
    </ClInclude>
    <ClInclude Include="Avatar.h">
      <Filter>Game\Game entities\Movable</Filter>
    </ClInclude>
    <ClInclude Include="Ghost.h">
      <Filter>Game\Game entities\Movable</Filter>
    </ClInclude>
    <ClInclude Include="MovableGameEntity.h">
      <Filter>Game\Game entities\Movable</Filter>
    </ClInclude>
    <ClInclude Include="PathmapTile.h">
      <Filter>Game\World</Filter>
    </ClInclude>
    <ClInclude Include="World.h">
      <Filter>Game\World</Filter>
    </ClInclude>
    <ClInclude Include="Drawer.h">
      <Filter>Graphics</Filter>
    </ClInclude>
    <ClInclude Include="Vector2f.h">
      <Filter>Math</Filter>
    </ClInclude>
    <ClInclude Include="dousi96\GameObject.h">
      <Filter>dousi96</Filter>
    </ClInclude>
    <ClInclude Include="dousi96\Components\Component.h">
      <Filter>dousi96\Components</Filter>
    </ClInclude>
    <ClInclude Include="dousi96\GameController.h">
      <Filter>dousi96</Filter>
    </ClInclude>
    <ClInclude Include="dousi96\Components\PlayerBehaviourComponent.h">
      <Filter>dousi96\Components</Filter>
    </ClInclude>
    <ClInclude Include="dousi96\TileMap.h">
      <Filter>dousi96</Filter>
    </ClInclude>
    <ClInclude Include="dousi96\Persistence\TileMapTxtReader.h">
      <Filter>dousi96\Persistence</Filter>
    </ClInclude>
    <ClInclude Include="dousi96\EventSystem\EventSystem.h">
      <Filter>dousi96\EventSystem</Filter>
    </ClInclude>
    <ClInclude Include="dousi96\EventSystem\Events.h">
      <Filter>dousi96\EventSystem</Filter>
    </ClInclude>
    <ClInclude Include="dousi96\Components\UI\UITextComponent.h">
      <Filter>dousi96\Components\UI</Filter>
    </ClInclude>
    <ClInclude Include="dousi96\Components\UI\UIPointsLabelComponent.h">
      <Filter>dousi96\Components\UI</Filter>
    </ClInclude>
    <ClInclude Include="dousi96\Components\Renderer\SpriteAnimationComponent.h">
      <Filter>dousi96\Components\Renderer</Filter>
    </ClInclude>
    <ClInclude Include="dousi96\Components\Renderer\SpriteRendererComponent.h">
      <Filter>dousi96\Components\Renderer</Filter>
    </ClInclude>
    <ClInclude Include="dousi96\Components\Collider\CollisionComponent.h">
      <Filter>dousi96\Components\Collider</Filter>
    </ClInclude>
    <ClInclude Include="dousi96\Components\TileMap\DotComponent.h">
      <Filter>dousi96\Components\TileMap</Filter>
    </ClInclude>
    <ClInclude Include="dousi96\Components\TileMap\TeleportComponent.h">
      <Filter>dousi96\Components\TileMap</Filter>
    </ClInclude>
    <ClInclude Include="dousi96\Components\TileMap\TileMapPositionComponent.h">
      <Filter>dousi96\Components\TileMap</Filter>
    </ClInclude>
    <ClInclude Include="dousi96\Components\TileMap\TileMovementComponent.h">
      <Filter>dousi96\Components\TileMap</Filter>
    </ClInclude>
    <ClInclude Include="dousi96\Components\GhostBehaviourComponent.h">
      <Filter>dousi96\Components</Filter>
    </ClInclude>
    <ClInclude Include="dousi96\Components\UI\UILivesLabelComponent.h">
      <Filter>dousi96\Components\UI</Filter>
    </ClInclude>
    <ClInclude Include="dousi96\Timer.h">
      <Filter>dousi96</Filter>
    </ClInclude>
    <ClInclude Include="dousi96\Components\GameControllerComponent.h">
      <Filter>dousi96\Components</Filter>
    </ClInclude>
    <ClInclude Include="dousi96\Components\TileMap\GhostPathfinderComponent.h">
      <Filter>dousi96\Components\TileMap</Filter>
    </ClInclude>
  </ItemGroup>
</Project>